
Microsoft Visual Studio Solution File, Format Version 12.00
# Visual Studio Version 17
VisualStudioVersion = 17.5.002.0
MinimumVisualStudioVersion = 10.0.40219.1
Project("{9A19103F-16F7-4668-BE54-9A1E7A4F7556}") = "Program", "GraspAndSolid\Program.csproj", "{B1FEE2A2-E355-4298-A72E-2E263C74A1A4}"
EndProject
Project("{9A19103F-16F7-4668-BE54-9A1E7A4F7556}") = "Library", "Library\Library.csproj", "{14DDA9EF-720D-4D97-8CC9-B4300E53440E}"
EndProject
Global
	GlobalSection(SolutionConfigurationPlatforms) = preSolution
		Debug|Any CPU = Debug|Any CPU
		Release|Any CPU = Release|Any CPU
	EndGlobalSection
	GlobalSection(ProjectConfigurationPlatforms) = postSolution
		{B1FEE2A2-E355-4298-A72E-2E263C74A1A4}.Debug|Any CPU.ActiveCfg = Debug|Any CPU
		{B1FEE2A2-E355-4298-A72E-2E263C74A1A4}.Debug|Any CPU.Build.0 = Debug|Any CPU
		{B1FEE2A2-E355-4298-A72E-2E263C74A1A4}.Release|Any CPU.ActiveCfg = Release|Any CPU
		{B1FEE2A2-E355-4298-A72E-2E263C74A1A4}.Release|Any CPU.Build.0 = Release|Any CPU
		{14DDA9EF-720D-4D97-8CC9-B4300E53440E}.Debug|Any CPU.ActiveCfg = Debug|Any CPU
		{14DDA9EF-720D-4D97-8CC9-B4300E53440E}.Debug|Any CPU.Build.0 = Debug|Any CPU
		{14DDA9EF-720D-4D97-8CC9-B4300E53440E}.Release|Any CPU.ActiveCfg = Release|Any CPU
		{14DDA9EF-720D-4D97-8CC9-B4300E53440E}.Release|Any CPU.Build.0 = Release|Any CPU
	EndGlobalSection
	GlobalSection(SolutionProperties) = preSolution
		HideSolutionNode = FALSE
	EndGlobalSection
	GlobalSection(ExtensibilityGlobals) = postSolution
		SolutionGuid = {56288004-D96C-4346-83BB-F0973759747F}
	EndGlobalSection
EndGlobal
